
Microsoft Visual Studio Solution File, Format Version 12.00
# Visual Studio Version 17
VisualStudioVersion = 17.6.33801.468
MinimumVisualStudioVersion = 10.0.40219.1
Project("{FAE04EC0-301F-11D3-BF4B-00C04F79EFBC}") = "track 3", "track 3\track 3.csproj", "{04AEC8FF-4DE6-4F32-8D0A-A445214050CA}"
EndProject
Global
	GlobalSection(SolutionConfigurationPlatforms) = preSolution
		Debug|Any CPU = Debug|Any CPU
		Release|Any CPU = Release|Any CPU
	EndGlobalSection
	GlobalSection(ProjectConfigurationPlatforms) = postSolution
		{04AEC8FF-4DE6-4F32-8D0A-A445214050CA}.Debug|Any CPU.ActiveCfg = Debug|Any CPU
		{04AEC8FF-4DE6-4F32-8D0A-A445214050CA}.Debug|Any CPU.Build.0 = Debug|Any CPU
		{04AEC8FF-4DE6-4F32-8D0A-A445214050CA}.Release|Any CPU.ActiveCfg = Release|Any CPU
		{04AEC8FF-4DE6-4F32-8D0A-A445214050CA}.Release|Any CPU.Build.0 = Release|Any CPU
	EndGlobalSection
	GlobalSection(SolutionProperties) = preSolution
		HideSolutionNode = FALSE
	EndGlobalSection
	GlobalSection(ExtensibilityGlobals) = postSolution
		SolutionGuid = {C6564A4E-C4E0-45DC-A0B6-0B7CE8B7EEDC}
	EndGlobalSection
EndGlobal
